
Microsoft Visual Studio Solution File, Format Version 12.00
# Visual Studio Version 16
VisualStudioVersion = 16.0.35826.135
MinimumVisualStudioVersion = 10.0.40219.1
Project("{FAE04EC0-301F-11D3-BF4B-00C04F79EFBC}") = "EmployeeDepartmentApi", "EmployeeDepartmentApi.csproj", "{6933CD59-B714-4713-845F-70ECCAC4EBEE}"
EndProject
Global
	GlobalSection(SolutionConfigurationPlatforms) = preSolution
		Debug|Any CPU = Debug|Any CPU
		Release|Any CPU = Release|Any CPU
	EndGlobalSection
	GlobalSection(ProjectConfigurationPlatforms) = postSolution
		{6933CD59-B714-4713-845F-70ECCAC4EBEE}.Debug|Any CPU.ActiveCfg = Debug|Any CPU
		{6933CD59-B714-4713-845F-70ECCAC4EBEE}.Debug|Any CPU.Build.0 = Debug|Any CPU
		{6933CD59-B714-4713-845F-70ECCAC4EBEE}.Release|Any CPU.ActiveCfg = Release|Any CPU
		{6933CD59-B714-4713-845F-70ECCAC4EBEE}.Release|Any CPU.Build.0 = Release|Any CPU
	EndGlobalSection
	GlobalSection(SolutionProperties) = preSolution
		HideSolutionNode = FALSE
	EndGlobalSection
	GlobalSection(ExtensibilityGlobals) = postSolution
		SolutionGuid = {305D3BD9-FCCF-48B2-B20A-C2B8F0BB26D4}
	EndGlobalSection
EndGlobal
